// !$*UTF8*$!
{
	archiveVersion = 1;
	classes = {
	};
	objectVersion = 55;
	objects = {

/* Begin PBXBuildFile section */
		18E309C32C7C683F00136477 /* AppDelegate.swift in Sources */ = {isa = PBXBuildFile; fileRef = 18E309C22C7C683F00136477 /* AppDelegate.swift */; };
		18E309C52C7C683F00136477 /* SceneDelegate.swift in Sources */ = {isa = PBXBuildFile; fileRef = 18E309C42C7C683F00136477 /* SceneDelegate.swift */; };
		18E309C72C7C683F00136477 /* ViewController.swift in Sources */ = {isa = PBXBuildFile; fileRef = 18E309C62C7C683F00136477 /* ViewController.swift */; };
		18E309CA2C7C683F00136477 /* Main.storyboard in Resources */ = {isa = PBXBuildFile; fileRef = 18E309C82C7C683F00136477 /* Main.storyboard */; };
		18E309CC2C7C684000136477 /* Assets.xcassets in Resources */ = {isa = PBXBuildFile; fileRef = 18E309CB2C7C684000136477 /* Assets.xcassets */; };
		18E309CF2C7C684000136477 /* LaunchScreen.storyboard in Resources */ = {isa = PBXBuildFile; fileRef = 18E309CD2C7C684000136477 /* LaunchScreen.storyboard */; };
		18E309DA2C7C684000136477 /* viduTests.swift in Sources */ = {isa = PBXBuildFile; fileRef = 18E309D92C7C684000136477 /* viduTests.swift */; };
		18E309E42C7C684000136477 /* viduUITests.swift in Sources */ = {isa = PBXBuildFile; fileRef = 18E309E32C7C684000136477 /* viduUITests.swift */; };
		18E309E62C7C684000136477 /* viduUITestsLaunchTests.swift in Sources */ = {isa = PBXBuildFile; fileRef = 18E309E52C7C684000136477 /* viduUITestsLaunchTests.swift */; };
		18E873AD2C7ED70B00388F4B /* bmiViewController.swift in Sources */ = {isa = PBXBuildFile; fileRef = 18E873AC2C7ED70B00388F4B /* bmiViewController.swift */; };
		18E873AF2C7F0AC600388F4B /* bmiketquaViewController.swift in Sources */ = {isa = PBXBuildFile; fileRef = 18E873AE2C7F0AC600388F4B /* bmiketquaViewController.swift */; };
/* End PBXBuildFile section */

/* Begin PBXContainerItemProxy section */
		18E309D62C7C684000136477 /* PBXContainerItemProxy */ = {
			isa = PBXContainerItemProxy;
			containerPortal = 18E309B72C7C683E00136477 /* Project object */;
			proxyType = 1;
			remoteGlobalIDString = 18E309BE2C7C683F00136477;
			remoteInfo = vidu;
		};
		18E309E02C7C684000136477 /* PBXContainerItemProxy */ = {
			isa = PBXContainerItemProxy;
			containerPortal = 18E309B72C7C683E00136477 /* Project object */;
			proxyType = 1;
			remoteGlobalIDString = 18E309BE2C7C683F00136477;
			remoteInfo = vidu;
		};
/* End PBXContainerItemProxy section */

/* Begin PBXFileReference section */
		18E309BF2C7C683F00136477 /* vidu.app */ = {isa = PBXFileReference; explicitFileType = wrapper.application; includeInIndex = 0; path = vidu.app; sourceTree = BUILT_PRODUCTS_DIR; };
		18E309C22C7C683F00136477 /* AppDelegate.swift */ = {isa = PBXFileReference; lastKnownFileType = sourcecode.swift; path = AppDelegate.swift; sourceTree = "<group>"; };
		18E309C42C7C683F00136477 /* SceneDelegate.swift */ = {isa = PBXFileReference; lastKnownFileType = sourcecode.swift; path = SceneDelegate.swift; sourceTree = "<group>"; };
		18E309C62C7C683F00136477 /* ViewController.swift */ = {isa = PBXFileReference; lastKnownFileType = sourcecode.swift; path = ViewController.swift; sourceTree = "<group>"; };
		18E309C92C7C683F00136477 /* Base */ = {isa = PBXFileReference; lastKnownFileType = file.storyboard; name = Base; path = Base.lproj/Main.storyboard; sourceTree = "<group>"; };
		18E309CB2C7C684000136477 /* Assets.xcassets */ = {isa = PBXFileReference; lastKnownFileType = folder.assetcatalog; path = Assets.xcassets; sourceTree = "<group>"; };
		18E309CE2C7C684000136477 /* Base */ = {isa = PBXFileReference; lastKnownFileType = file.storyboard; name = Base; path = Base.lproj/LaunchScreen.storyboard; sourceTree = "<group>"; };
		18E309D02C7C684000136477 /* Info.plist */ = {isa = PBXFileReference; lastKnownFileType = text.plist.xml; path = Info.plist; sourceTree = "<group>"; };
		18E309D52C7C684000136477 /* viduTests.xctest */ = {isa = PBXFileReference; explicitFileType = wrapper.cfbundle; includeInIndex = 0; path = viduTests.xctest; sourceTree = BUILT_PRODUCTS_DIR; };
		18E309D92C7C684000136477 /* viduTests.swift */ = {isa = PBXFileReference; lastKnownFileType = sourcecode.swift; path = viduTests.swift; sourceTree = "<group>"; };
		18E309DF2C7C684000136477 /* viduUITests.xctest */ = {isa = PBXFileReference; explicitFileType = wrapper.cfbundle; includeInIndex = 0; path = viduUITests.xctest; sourceTree = BUILT_PRODUCTS_DIR; };
		18E309E32C7C684000136477 /* viduUITests.swift */ = {isa = PBXFileReference; lastKnownFileType = sourcecode.swift; path = viduUITests.swift; sourceTree = "<group>"; };
		18E309E52C7C684000136477 /* viduUITestsLaunchTests.swift */ = {isa = PBXFileReference; lastKnownFileType = sourcecode.swift; path = viduUITestsLaunchTests.swift; sourceTree = "<group>"; };
		18E873AC2C7ED70B00388F4B /* bmiViewController.swift */ = {isa = PBXFileReference; lastKnownFileType = sourcecode.swift; path = bmiViewController.swift; sourceTree = "<group>"; };
		18E873AE2C7F0AC600388F4B /* bmiketquaViewController.swift */ = {isa = PBXFileReference; lastKnownFileType = sourcecode.swift; path = bmiketquaViewController.swift; sourceTree = "<group>"; };
/* End PBXFileReference section */

/* Begin PBXFrameworksBuildPhase section */
		18E309BC2C7C683F00136477 /* Frameworks */ = {
			isa = PBXFrameworksBuildPhase;
			buildActionMask = 2147483647;
			files = (
			);
			runOnlyForDeploymentPostprocessing = 0;
		};
		18E309D22C7C684000136477 /* Frameworks */ = {
			isa = PBXFrameworksBuildPhase;
			buildActionMask = 2147483647;
			files = (
			);
			runOnlyForDeploymentPostprocessing = 0;
		};
		18E309DC2C7C684000136477 /* Frameworks */ = {
			isa = PBXFrameworksBuildPhase;
			buildActionMask = 2147483647;
			files = (
			);
			runOnlyForDeploymentPostprocessing = 0;
		};
/* End PBXFrameworksBuildPhase section */

/* Begin PBXGroup section */
		18E309B62C7C683E00136477 = {
			isa = PBXGroup;
			children = (
				18E309C12C7C683F00136477 /* vidu */,
				18E309D82C7C684000136477 /* viduTests */,
				18E309E22C7C684000136477 /* viduUITests */,
				18E309C02C7C683F00136477 /* Products */,
			);
			sourceTree = "<group>";
		};
		18E309C02C7C683F00136477 /* Products */ = {
			isa = PBXGroup;
			children = (
				18E309BF2C7C683F00136477 /* vidu.app */,
				18E309D52C7C684000136477 /* viduTests.xctest */,
				18E309DF2C7C684000136477 /* viduUITests.xctest */,
			);
			name = Products;
			sourceTree = "<group>";
		};
		18E309C12C7C683F00136477 /* vidu */ = {
			isa = PBXGroup;
			children = (
				18E309C22C7C683F00136477 /* AppDelegate.swift */,
				18E309C42C7C683F00136477 /* SceneDelegate.swift */,
				18E309C62C7C683F00136477 /* ViewController.swift */,
				18E309C82C7C683F00136477 /* Main.storyboard */,
				18E309CB2C7C684000136477 /* Assets.xcassets */,
				18E309CD2C7C684000136477 /* LaunchScreen.storyboard */,
				18E309D02C7C684000136477 /* Info.plist */,
				18E873AC2C7ED70B00388F4B /* bmiViewController.swift */,
				18E873AE2C7F0AC600388F4B /* bmiketquaViewController.swift */,
			);
			path = vidu;
			sourceTree = "<group>";
		};
		18E309D82C7C684000136477 /* viduTests */ = {
			isa = PBXGroup;
			children = (
				18E309D92C7C684000136477 /* viduTests.swift */,
			);
			path = viduTests;
			sourceTree = "<group>";
		};
		18E309E22C7C684000136477 /* viduUITests */ = {
			isa = PBXGroup;
			children = (
				18E309E32C7C684000136477 /* viduUITests.swift */,
				18E309E52C7C684000136477 /* viduUITestsLaunchTests.swift */,
			);
			path = viduUITests;
			sourceTree = "<group>";
		};
/* End PBXGroup section */

/* Begin PBXNativeTarget section */
		18E309BE2C7C683F00136477 /* vidu */ = {
			isa = PBXNativeTarget;
			buildConfigurationList = 18E309E92C7C684000136477 /* Build configuration list for PBXNativeTarget "vidu" */;
			buildPhases = (
				18E309BB2C7C683F00136477 /* Sources */,
				18E309BC2C7C683F00136477 /* Frameworks */,
				18E309BD2C7C683F00136477 /* Resources */,
			);
			buildRules = (
			);
			dependencies = (
			);
			name = vidu;
			productName = vidu;
			productReference = 18E309BF2C7C683F00136477 /* vidu.app */;
			productType = "com.apple.product-type.application";
		};
		18E309D42C7C684000136477 /* viduTests */ = {
			isa = PBXNativeTarget;
			buildConfigurationList = 18E309EC2C7C684000136477 /* Build configuration list for PBXNativeTarget "viduTests" */;
			buildPhases = (
				18E309D12C7C684000136477 /* Sources */,
				18E309D22C7C684000136477 /* Frameworks */,
				18E309D32C7C684000136477 /* Resources */,
			);
			buildRules = (
			);
			dependencies = (
				18E309D72C7C684000136477 /* PBXTargetDependency */,
			);
			name = viduTests;
			productName = viduTests;
			productReference = 18E309D52C7C684000136477 /* viduTests.xctest */;
			productType = "com.apple.product-type.bundle.unit-test";
		};
		18E309DE2C7C684000136477 /* viduUITests */ = {
			isa = PBXNativeTarget;
			buildConfigurationList = 18E309EF2C7C684000136477 /* Build configuration list for PBXNativeTarget "viduUITests" */;
			buildPhases = (
				18E309DB2C7C684000136477 /* Sources */,
				18E309DC2C7C684000136477 /* Frameworks */,
				18E309DD2C7C684000136477 /* Resources */,
			);
			buildRules = (
			);
			dependencies = (
				18E309E12C7C684000136477 /* PBXTargetDependency */,
			);
			name = viduUITests;
			productName = viduUITests;
			productReference = 18E309DF2C7C684000136477 /* viduUITests.xctest */;
			productType = "com.apple.product-type.bundle.ui-testing";
		};
/* End PBXNativeTarget section */

/* Begin PBXProject section */
		18E309B72C7C683E00136477 /* Project object */ = {
			isa = PBXProject;
			attributes = {
				BuildIndependentTargetsInParallel = 1;
				LastSwiftUpdateCheck = 1320;
				LastUpgradeCheck = 1320;
				TargetAttributes = {
					18E309BE2C7C683F00136477 = {
						CreatedOnToolsVersion = 13.2;
					};
					18E309D42C7C684000136477 = {
						CreatedOnToolsVersion = 13.2;
						TestTargetID = 18E309BE2C7C683F00136477;
					};
					18E309DE2C7C684000136477 = {
						CreatedOnToolsVersion = 13.2;
						TestTargetID = 18E309BE2C7C683F00136477;
					};
				};
			};
			buildConfigurationList = 18E309BA2C7C683E00136477 /* Build configuration list for PBXProject "vidu" */;
			compatibilityVersion = "Xcode 13.0";
			developmentRegion = en;
			hasScannedForEncodings = 0;
			knownRegions = (
				en,
				Base,
			);
			mainGroup = 18E309B62C7C683E00136477;
			productRefGroup = 18E309C02C7C683F00136477 /* Products */;
			projectDirPath = "";
			projectRoot = "";
			targets = (
				18E309BE2C7C683F00136477 /* vidu */,
				18E309D42C7C684000136477 /* viduTests */,
				18E309DE2C7C684000136477 /* viduUITests */,
			);
		};
/* End PBXProject section */

/* Begin PBXResourcesBuildPhase section */
		18E309BD2C7C683F00136477 /* Resources */ = {
			isa = PBXResourcesBuildPhase;
			buildActionMask = 2147483647;
			files = (
				18E309CF2C7C684000136477 /* LaunchScreen.storyboard in Resources */,
				18E309CC2C7C684000136477 /* Assets.xcassets in Resources */,
				18E309CA2C7C683F00136477 /* Main.storyboard in Resources */,
			);
			runOnlyForDeploymentPostprocessing = 0;
		};
		18E309D32C7C684000136477 /* Resources */ = {
			isa = PBXResourcesBuildPhase;
			buildActionMask = 2147483647;
			files = (
			);
			runOnlyForDeploymentPostprocessing = 0;
		};
		18E309DD2C7C684000136477 /* Resources */ = {
			isa = PBXResourcesBuildPhase;
			buildActionMask = 2147483647;
			files = (
			);
			runOnlyForDeploymentPostprocessing = 0;
		};
/* End PBXResourcesBuildPhase section */

/* Begin PBXSourcesBuildPhase section */
		18E309BB2C7C683F00136477 /* Sources */ = {
			isa = PBXSourcesBuildPhase;
			buildActionMask = 2147483647;
			files = (
				18E309C72C7C683F00136477 /* ViewController.swift in Sources */,
				18E873AD2C7ED70B00388F4B /* bmiViewController.swift in Sources */,
				18E309C32C7C683F00136477 /* AppDelegate.swift in Sources */,
				18E309C52C7C683F00136477 /* SceneDelegate.swift in Sources */,
				18E873AF2C7F0AC600388F4B /* bmiketquaViewController.swift in Sources */,
			);
			runOnlyForDeploymentPostprocessing = 0;
		};
		18E309D12C7C684000136477 /* Sources */ = {
			isa = PBXSourcesBuildPhase;
			buildActionMask = 2147483647;
			files = (
				18E309DA2C7C684000136477 /* viduTests.swift in Sources */,
			);
			runOnlyForDeploymentPostprocessing = 0;
		};
		18E309DB2C7C684000136477 /* Sources */ = {
			isa = PBXSourcesBuildPhase;
			buildActionMask = 2147483647;
			files = (
				18E309E62C7C684000136477 /* viduUITestsLaunchTests.swift in Sources */,
				18E309E42C7C684000136477 /* viduUITests.swift in Sources */,
			);
			runOnlyForDeploymentPostprocessing = 0;
		};
/* End PBXSourcesBuildPhase section */

/* Begin PBXTargetDependency section */
		18E309D72C7C684000136477 /* PBXTargetDependency */ = {
			isa = PBXTargetDependency;
			target = 18E309BE2C7C683F00136477 /* vidu */;
			targetProxy = 18E309D62C7C684000136477 /* PBXContainerItemProxy */;
		};
		18E309E12C7C684000136477 /* PBXTargetDependency */ = {
			isa = PBXTargetDependency;
			target = 18E309BE2C7C683F00136477 /* vidu */;
			targetProxy = 18E309E02C7C684000136477 /* PBXContainerItemProxy */;
		};
/* End PBXTargetDependency section */

/* Begin PBXVariantGroup section */
		18E309C82C7C683F00136477 /* Main.storyboard */ = {
			isa = PBXVariantGroup;
			children = (
				18E309C92C7C683F00136477 /* Base */,
			);
			name = Main.storyboard;
			sourceTree = "<group>";
		};
		18E309CD2C7C684000136477 /* LaunchScreen.storyboard */ = {
			isa = PBXVariantGroup;
			children = (
				18E309CE2C7C684000136477 /* Base */,
			);
			name = LaunchScreen.storyboard;
			sourceTree = "<group>";
		};
/* End PBXVariantGroup section */

/* Begin XCBuildConfiguration section */
		18E309E72C7C684000136477 /* Debug */ = {
			isa = XCBuildConfiguration;
			buildSettings = {
				ALWAYS_SEARCH_USER_PATHS = NO;
				CLANG_ANALYZER_NONNULL = YES;
				CLANG_ANALYZER_NUMBER_OBJECT_CONVERSION = YES_AGGRESSIVE;
				CLANG_CXX_LANGUAGE_STANDARD = "gnu++17";
				CLANG_CXX_LIBRARY = "libc++";
				CLANG_ENABLE_MODULES = YES;
				CLANG_ENABLE_OBJC_ARC = YES;
				CLANG_ENABLE_OBJC_WEAK = YES;
				CLANG_WARN_BLOCK_CAPTURE_AUTORELEASING = YES;
				CLANG_WARN_BOOL_CONVERSION = YES;
				CLANG_WARN_COMMA = YES;
				CLANG_WARN_CONSTANT_CONVERSION = YES;
				CLANG_WARN_DEPRECATED_OBJC_IMPLEMENTATIONS = YES;
				CLANG_WARN_DIRECT_OBJC_ISA_USAGE = YES_ERROR;
				CLANG_WARN_DOCUMENTATION_COMMENTS = YES;
				CLANG_WARN_EMPTY_BODY = YES;
				CLANG_WARN_ENUM_CONVERSION = YES;
				CLANG_WARN_INFINITE_RECURSION = YES;
				CLANG_WARN_INT_CONVERSION = YES;
				CLANG_WARN_NON_LITERAL_NULL_CONVERSION = YES;
				CLANG_WARN_OBJC_IMPLICIT_RETAIN_SELF = YES;
				CLANG_WARN_OBJC_LITERAL_CONVERSION = YES;
				CLANG_WARN_OBJC_ROOT_CLASS = YES_ERROR;
				CLANG_WARN_QUOTED_INCLUDE_IN_FRAMEWORK_HEADER = YES;
				CLANG_WARN_RANGE_LOOP_ANALYSIS = YES;
				CLANG_WARN_STRICT_PROTOTYPES = YES;
				CLANG_WARN_SUSPICIOUS_MOVE = YES;
				CLANG_WARN_UNGUARDED_AVAILABILITY = YES_AGGRESSIVE;
				CLANG_WARN_UNREACHABLE_CODE = YES;
				CLANG_WARN__DUPLICATE_METHOD_MATCH = YES;
				COPY_PHASE_STRIP = NO;
				DEBUG_INFORMATION_FORMAT = dwarf;
				ENABLE_STRICT_OBJC_MSGSEND = YES;
				ENABLE_TESTABILITY = YES;
				GCC_C_LANGUAGE_STANDARD = gnu11;
				GCC_DYNAMIC_NO_PIC = NO;
				GCC_NO_COMMON_BLOCKS = YES;
				GCC_OPTIMIZATION_LEVEL = 0;
				GCC_PREPROCESSOR_DEFINITIONS = (
					"DEBUG=1",
					"$(inherited)",
				);
				GCC_WARN_64_TO_32_BIT_CONVERSION = YES;
				GCC_WARN_ABOUT_RETURN_TYPE = YES_ERROR;
				GCC_WARN_UNDECLARED_SELECTOR = YES;
				GCC_WARN_UNINITIALIZED_AUTOS = YES_AGGRESSIVE;
				GCC_WARN_UNUSED_FUNCTION = YES;
				GCC_WARN_UNUSED_VARIABLE = YES;
				IPHONEOS_DEPLOYMENT_TARGET = 15.2;
				MTL_ENABLE_DEBUG_INFO = INCLUDE_SOURCE;
				MTL_FAST_MATH = YES;
				ONLY_ACTIVE_ARCH = YES;
				SDKROOT = iphoneos;
				SWIFT_ACTIVE_COMPILATION_CONDITIONS = DEBUG;
				SWIFT_OPTIMIZATION_LEVEL = "-Onone";
			};
			name = Debug;
		};
		18E309E82C7C684000136477 /* Release */ = {
			isa = XCBuildConfiguration;
			buildSettings = {
				ALWAYS_SEARCH_USER_PATHS = NO;
				CLANG_ANALYZER_NONNULL = YES;
				CLANG_ANALYZER_NUMBER_OBJECT_CONVERSION = YES_AGGRESSIVE;
				CLANG_CXX_LANGUAGE_STANDARD = "gnu++17";
				CLANG_CXX_LIBRARY = "libc++";
				CLANG_ENABLE_MODULES = YES;
				CLANG_ENABLE_OBJC_ARC = YES;
				CLANG_ENABLE_OBJC_WEAK = YES;
				CLANG_WARN_BLOCK_CAPTURE_AUTORELEASING = YES;
				CLANG_WARN_BOOL_CONVERSION = YES;
				CLANG_WARN_COMMA = YES;
				CLANG_WARN_CONSTANT_CONVERSION = YES;
				CLANG_WARN_DEPRECATED_OBJC_IMPLEMENTATIONS = YES;
				CLANG_WARN_DIRECT_OBJC_ISA_USAGE = YES_ERROR;
				CLANG_WARN_DOCUMENTATION_COMMENTS = YES;
				CLANG_WARN_EMPTY_BODY = YES;
				CLANG_WARN_ENUM_CONVERSION = YES;
				CLANG_WARN_INFINITE_RECURSION = YES;
				CLANG_WARN_INT_CONVERSION = YES;
				CLANG_WARN_NON_LITERAL_NULL_CONVERSION = YES;
				CLANG_WARN_OBJC_IMPLICIT_RETAIN_SELF = YES;
				CLANG_WARN_OBJC_LITERAL_CONVERSION = YES;
				CLANG_WARN_OBJC_ROOT_CLASS = YES_ERROR;
				CLANG_WARN_QUOTED_INCLUDE_IN_FRAMEWORK_HEADER = YES;
				CLANG_WARN_RANGE_LOOP_ANALYSIS = YES;
				CLANG_WARN_STRICT_PROTOTYPES = YES;
				CLANG_WARN_SUSPICIOUS_MOVE = YES;
				CLANG_WARN_UNGUARDED_AVAILABILITY = YES_AGGRESSIVE;
				CLANG_WARN_UNREACHABLE_CODE = YES;
				CLANG_WARN__DUPLICATE_METHOD_MATCH = YES;
				COPY_PHASE_STRIP = NO;
				DEBUG_INFORMATION_FORMAT = "dwarf-with-dsym";
				ENABLE_NS_ASSERTIONS = NO;
				ENABLE_STRICT_OBJC_MSGSEND = YES;
				GCC_C_LANGUAGE_STANDARD = gnu11;
				GCC_NO_COMMON_BLOCKS = YES;
				GCC_WARN_64_TO_32_BIT_CONVERSION = YES;
				GCC_WARN_ABOUT_RETURN_TYPE = YES_ERROR;
				GCC_WARN_UNDECLARED_SELECTOR = YES;
				GCC_WARN_UNINITIALIZED_AUTOS = YES_AGGRESSIVE;
				GCC_WARN_UNUSED_FUNCTION = YES;
				GCC_WARN_UNUSED_VARIABLE = YES;
				IPHONEOS_DEPLOYMENT_TARGET = 15.2;
				MTL_ENABLE_DEBUG_INFO = NO;
				MTL_FAST_MATH = YES;
				SDKROOT = iphoneos;
				SWIFT_COMPILATION_MODE = wholemodule;
				SWIFT_OPTIMIZATION_LEVEL = "-O";
				VALIDATE_PRODUCT = YES;
			};
			name = Release;
		};
		18E309EA2C7C684000136477 /* Debug */ = {
			isa = XCBuildConfiguration;
			buildSettings = {
				ASSETCATALOG_COMPILER_APPICON_NAME = AppIcon;
				ASSETCATALOG_COMPILER_GLOBAL_ACCENT_COLOR_NAME = AccentColor;
				CODE_SIGN_STYLE = Automatic;
				CURRENT_PROJECT_VERSION = 1;
				GENERATE_INFOPLIST_FILE = YES;
				INFOPLIST_FILE = vidu/Info.plist;
				INFOPLIST_KEY_UIApplicationSupportsIndirectInputEvents = YES;
				INFOPLIST_KEY_UILaunchStoryboardName = LaunchScreen;
				INFOPLIST_KEY_UIMainStoryboardFile = Main;
				INFOPLIST_KEY_UISupportedInterfaceOrientations_iPad = "UIInterfaceOrientationPortrait UIInterfaceOrientationPortraitUpsideDown UIInterfaceOrientationLandscapeLeft UIInterfaceOrientationLandscapeRight";
				INFOPLIST_KEY_UISupportedInterfaceOrientations_iPhone = "UIInterfaceOrientationPortrait UIInterfaceOrientationLandscapeLeft UIInterfaceOrientationLandscapeRight";
				LD_RUNPATH_SEARCH_PATHS = (
					"$(inherited)",
					"@executable_path/Frameworks",
				);
				MARKETING_VERSION = 1.0;
				PRODUCT_BUNDLE_IDENTIFIER = com.amipham.vidu;
				PRODUCT_NAME = "$(TARGET_NAME)";
				SWIFT_EMIT_LOC_STRINGS = YES;
				SWIFT_VERSION = 5.0;
				TARGETED_DEVICE_FAMILY = "1,2";
			};
			name = Debug;
		};
		18E309EB2C7C684000136477 /* Release */ = {
			isa = XCBuildConfiguration;
			buildSettings = {
				ASSETCATALOG_COMPILER_APPICON_NAME = AppIcon;
				ASSETCATALOG_COMPILER_GLOBAL_ACCENT_COLOR_NAME = AccentColor;
				CODE_SIGN_STYLE = Automatic;
				CURRENT_PROJECT_VERSION = 1;
				GENERATE_INFOPLIST_FILE = YES;
				INFOPLIST_FILE = vidu/Info.plist;
				INFOPLIST_KEY_UIApplicationSupportsIndirectInputEvents = YES;
				INFOPLIST_KEY_UILaunchStoryboardName = LaunchScreen;
				INFOPLIST_KEY_UIMainStoryboardFile = Main;
				INFOPLIST_KEY_UISupportedInterfaceOrientations_iPad = "UIInterfaceOrientationPortrait UIInterfaceOrientationPortraitUpsideDown UIInterfaceOrientationLandscapeLeft UIInterfaceOrientationLandscapeRight";
				INFOPLIST_KEY_UISupportedInterfaceOrientations_iPhone = "UIInterfaceOrientationPortrait UIInterfaceOrientationLandscapeLeft UIInterfaceOrientationLandscapeRight";
				LD_RUNPATH_SEARCH_PATHS = (
					"$(inherited)",
					"@executable_path/Frameworks",
				);
				MARKETING_VERSION = 1.0;
				PRODUCT_BUNDLE_IDENTIFIER = com.amipham.vidu;
				PRODUCT_NAME = "$(TARGET_NAME)";
				SWIFT_EMIT_LOC_STRINGS = YES;
				SWIFT_VERSION = 5.0;
				TARGETED_DEVICE_FAMILY = "1,2";
			};
			name = Release;
		};
		18E309ED2C7C684000136477 /* Debug */ = {
			isa = XCBuildConfiguration;
			buildSettings = {
				ALWAYS_EMBED_SWIFT_STANDARD_LIBRARIES = YES;
				BUNDLE_LOADER = "$(TEST_HOST)";
				CODE_SIGN_STYLE = Automatic;
				CURRENT_PROJECT_VERSION = 1;
				GENERATE_INFOPLIST_FILE = YES;
				IPHONEOS_DEPLOYMENT_TARGET = 15.2;
				MARKETING_VERSION = 1.0;
				PRODUCT_BUNDLE_IDENTIFIER = com.amipham.viduTests;
				PRODUCT_NAME = "$(TARGET_NAME)";
				SWIFT_EMIT_LOC_STRINGS = NO;
				SWIFT_VERSION = 5.0;
				TARGETED_DEVICE_FAMILY = "1,2";
				TEST_HOST = "$(BUILT_PRODUCTS_DIR)/vidu.app/vidu";
			};
			name = Debug;
		};
		18E309EE2C7C684000136477 /* Release */ = {
			isa = XCBuildConfiguration;
			buildSettings = {
				ALWAYS_EMBED_SWIFT_STANDARD_LIBRARIES = YES;
				BUNDLE_LOADER = "$(TEST_HOST)";
				CODE_SIGN_STYLE = Automatic;
				CURRENT_PROJECT_VERSION = 1;
				GENERATE_INFOPLIST_FILE = YES;
				IPHONEOS_DEPLOYMENT_TARGET = 15.2;
				MARKETING_VERSION = 1.0;
				PRODUCT_BUNDLE_IDENTIFIER = com.amipham.viduTests;
				PRODUCT_NAME = "$(TARGET_NAME)";
				SWIFT_EMIT_LOC_STRINGS = NO;
				SWIFT_VERSION = 5.0;
				TARGETED_DEVICE_FAMILY = "1,2";
				TEST_HOST = "$(BUILT_PRODUCTS_DIR)/vidu.app/vidu";
			};
			name = Release;
		};
		18E309F02C7C684000136477 /* Debug */ = {
			isa = XCBuildConfiguration;
			buildSettings = {
				ALWAYS_EMBED_SWIFT_STANDARD_LIBRARIES = YES;
				CODE_SIGN_STYLE = Automatic;
				CURRENT_PROJECT_VERSION = 1;
				GENERATE_INFOPLIST_FILE = YES;
				MARKETING_VERSION = 1.0;
				PRODUCT_BUNDLE_IDENTIFIER = com.amipham.viduUITests;
				PRODUCT_NAME = "$(TARGET_NAME)";
				SWIFT_EMIT_LOC_STRINGS = NO;
				SWIFT_VERSION = 5.0;
				TARGETED_DEVICE_FAMILY = "1,2";
				TEST_TARGET_NAME = vidu;
			};
			name = Debug;
		};
		18E309F12C7C684000136477 /* Release */ = {
			isa = XCBuildConfiguration;
			buildSettings = {
				ALWAYS_EMBED_SWIFT_STANDARD_LIBRARIES = YES;
				CODE_SIGN_STYLE = Automatic;
				CURRENT_PROJECT_VERSION = 1;
				GENERATE_INFOPLIST_FILE = YES;
				MARKETING_VERSION = 1.0;
				PRODUCT_BUNDLE_IDENTIFIER = com.amipham.viduUITests;
				PRODUCT_NAME = "$(TARGET_NAME)";
				SWIFT_EMIT_LOC_STRINGS = NO;
				SWIFT_VERSION = 5.0;
				TARGETED_DEVICE_FAMILY = "1,2";
				TEST_TARGET_NAME = vidu;
			};
			name = Release;
		};
/* End XCBuildConfiguration section */

/* Begin XCConfigurationList section */
		18E309BA2C7C683E00136477 /* Build configuration list for PBXProject "vidu" */ = {
			isa = XCConfigurationList;
			buildConfigurations = (
				18E309E72C7C684000136477 /* Debug */,
				18E309E82C7C684000136477 /* Release */,
			);
			defaultConfigurationIsVisible = 0;
			defaultConfigurationName = Release;
		};
		18E309E92C7C684000136477 /* Build configuration list for PBXNativeTarget "vidu" */ = {
			isa = XCConfigurationList;
			buildConfigurations = (
				18E309EA2C7C684000136477 /* Debug */,
				18E309EB2C7C684000136477 /* Release */,
			);
			defaultConfigurationIsVisible = 0;
			defaultConfigurationName = Release;
		};
		18E309EC2C7C684000136477 /* Build configuration list for PBXNativeTarget "viduTests" */ = {
			isa = XCConfigurationList;
			buildConfigurations = (
				18E309ED2C7C684000136477 /* Debug */,
				18E309EE2C7C684000136477 /* Release */,
			);
			defaultConfigurationIsVisible = 0;
			defaultConfigurationName = Release;
		};
		18E309EF2C7C684000136477 /* Build configuration list for PBXNativeTarget "viduUITests" */ = {
			isa = XCConfigurationList;
			buildConfigurations = (
				18E309F02C7C684000136477 /* Debug */,
				18E309F12C7C684000136477 /* Release */,
			);
			defaultConfigurationIsVisible = 0;
			defaultConfigurationName = Release;
		};
/* End XCConfigurationList section */
	};
	rootObject = 18E309B72C7C683E00136477 /* Project object */;
}
